// !$*UTF8*$!
{
	archiveVersion = 1;
	classes = {
	};
	objectVersion = 46;
	objects = {

/* Begin PBXBuildFile section */
		F57E898C1F20C44F00E069B0 /* XcodeProjLibB.m in Sources */ = {isa = PBXBuildFile; fileRef = F57E898B1F20C44F00E069B0 /* XcodeProjLibB.m */; };
		F57E898D1F20C44F00E069B0 /* XcodeProjLibB.h in CopyFiles */ = {isa = PBXBuildFile; fileRef = F57E898A1F20C44F00E069B0 /* XcodeProjLibB.h */; };
/* End PBXBuildFile section */

/* Begin PBXCopyFilesBuildPhase section */
		F57E89851F20C44F00E069B0 /* CopyFiles */ = {
			isa = PBXCopyFilesBuildPhase;
			buildActionMask = 2147483647;
			dstPath = "include/$(PRODUCT_NAME)";
			dstSubfolderSpec = 16;
			files = (
				F57E898D1F20C44F00E069B0 /* XcodeProjLibB.h in CopyFiles */,
			);
			runOnlyForDeploymentPostprocessing = 0;
		};
/* End PBXCopyFilesBuildPhase section */

/* Begin PBXFileReference section */
		F57E89871F20C44F00E069B0 /* libXcodeProjLibB.a */ = {isa = PBXFileReference; explicitFileType = archive.ar; includeInIndex = 0; path = libXcodeProjLibB.a; sourceTree = BUILT_PRODUCTS_DIR; };
		F57E898A1F20C44F00E069B0 /* XcodeProjLibB.h */ = {isa = PBXFileReference; lastKnownFileType = sourcecode.c.h; path = XcodeProjLibB.h; sourceTree = "<group>"; };
		F57E898B1F20C44F00E069B0 /* XcodeProjLibB.m */ = {isa = PBXFileReference; lastKnownFileType = sourcecode.c.objc; path = XcodeProjLibB.m; sourceTree = "<group>"; };
/* End PBXFileReference section */

/* Begin PBXFrameworksBuildPhase section */
		F57E89841F20C44F00E069B0 /* Frameworks */ = {
			isa = PBXFrameworksBuildPhase;
			buildActionMask = 2147483647;
			files = (
			);
			runOnlyForDeploymentPostprocessing = 0;
		};
/* End PBXFrameworksBuildPhase section */

/* Begin PBXGroup section */
		F57E897E1F20C44F00E069B0 = {
			isa = PBXGroup;
			children = (
				F57E89891F20C44F00E069B0 /* XcodeProjLibB */,
				F57E89881F20C44F00E069B0 /* Products */,
			);
			sourceTree = "<group>";
		};
		F57E89881F20C44F00E069B0 /* Products */ = {
			isa = PBXGroup;
			children = (
				F57E89871F20C44F00E069B0 /* libXcodeProjLibB.a */,
			);
			name = Products;
			sourceTree = "<group>";
		};
		F57E89891F20C44F00E069B0 /* XcodeProjLibB */ = {
			isa = PBXGroup;
			children = (
				F57E898A1F20C44F00E069B0 /* XcodeProjLibB.h */,
				F57E898B1F20C44F00E069B0 /* XcodeProjLibB.m */,
			);
			path = XcodeProjLibB;
			sourceTree = "<group>";
		};
/* End PBXGroup section */

/* Begin PBXNativeTarget section */
		F57E89861F20C44F00E069B0 /* XcodeProjLibB */ = {
			isa = PBXNativeTarget;
			buildConfigurationList = F57E89901F20C44F00E069B0 /* Build configuration list for PBXNativeTarget "XcodeProjLibB" */;
			buildPhases = (
				F57E89831F20C44F00E069B0 /* Sources */,
				F57E89841F20C44F00E069B0 /* Frameworks */,
				F57E89851F20C44F00E069B0 /* CopyFiles */,
			);
			buildRules = (
			);
			dependencies = (
			);
			name = XcodeProjLibB;
			productName = XcodeProjLibB;
			productReference = F57E89871F20C44F00E069B0 /* libXcodeProjLibB.a */;
			productType = "com.apple.product-type.library.static";
		};
/* End PBXNativeTarget section */

/* Begin PBXProject section */
		F57E897F1F20C44F00E069B0 /* Project object */ = {
			isa = PBXProject;
			attributes = {
				LastUpgradeCheck = 0830;
				ORGANIZATIONNAME = ctrip.com;
				TargetAttributes = {
					F57E89861F20C44F00E069B0 = {
						CreatedOnToolsVersion = 8.3.3;
						ProvisioningStyle = Automatic;
					};
				};
			};
			buildConfigurationList = F57E89821F20C44F00E069B0 /* Build configuration list for PBXProject "XcodeProjLibB" */;
			compatibilityVersion = "Xcode 3.2";
			developmentRegion = English;
			hasScannedForEncodings = 0;
			knownRegions = (
				en,
			);
			mainGroup = F57E897E1F20C44F00E069B0;
			productRefGroup = F57E89881F20C44F00E069B0 /* Products */;
			projectDirPath = "";
			projectRoot = "";
			targets = (
				F57E89861F20C44F00E069B0 /* XcodeProjLibB */,
			);
		};
/* End PBXProject section */

/* Begin PBXSourcesBuildPhase section */
		F57E89831F20C44F00E069B0 /* Sources */ = {
			isa = PBXSourcesBuildPhase;
			buildActionMask = 2147483647;
			files = (
				F57E898C1F20C44F00E069B0 /* XcodeProjLibB.m in Sources */,
			);
			runOnlyForDeploymentPostprocessing = 0;
		};
/* End PBXSourcesBuildPhase section */

/* Begin XCBuildConfiguration section */
		F57E898E1F20C44F00E069B0 /* Debug */ = {
			isa = XCBuildConfiguration;
			buildSettings = {
				ALWAYS_SEARCH_USER_PATHS = NO;
				CLANG_ANALYZER_NONNULL = YES;
				CLANG_ANALYZER_NUMBER_OBJECT_CONVERSION = YES_AGGRESSIVE;
				CLANG_CXX_LANGUAGE_STANDARD = "gnu++0x";
				CLANG_CXX_LIBRARY = "libc++";
				CLANG_ENABLE_MODULES = YES;
				CLANG_ENABLE_OBJC_ARC = YES;
				CLANG_WARN_BOOL_CONVERSION = YES;
				CLANG_WARN_CONSTANT_CONVERSION = YES;
				CLANG_WARN_DIRECT_OBJC_ISA_USAGE = YES_ERROR;
				CLANG_WARN_DOCUMENTATION_COMMENTS = YES;
				CLANG_WARN_EMPTY_BODY = YES;
				CLANG_WARN_ENUM_CONVERSION = YES;
				CLANG_WARN_INFINITE_RECURSION = YES;
				CLANG_WARN_INT_CONVERSION = YES;
				CLANG_WARN_OBJC_ROOT_CLASS = YES_ERROR;
				CLANG_WARN_SUSPICIOUS_MOVE = YES;
				CLANG_WARN_UNREACHABLE_CODE = YES;
				CLANG_WARN__DUPLICATE_METHOD_MATCH = YES;
				"CODE_SIGN_IDENTITY[sdk=iphoneos*]" = "iPhone Developer";
				COPY_PHASE_STRIP = NO;
				DEBUG_INFORMATION_FORMAT = dwarf;
				ENABLE_STRICT_OBJC_MSGSEND = YES;
				ENABLE_TESTABILITY = YES;
				GCC_C_LANGUAGE_STANDARD = gnu99;
				GCC_DYNAMIC_NO_PIC = NO;
				GCC_NO_COMMON_BLOCKS = YES;
				GCC_OPTIMIZATION_LEVEL = 0;
				GCC_PREPROCESSOR_DEFINITIONS = (
					"DEBUG=1",
					"$(inherited)",
				);
				GCC_WARN_64_TO_32_BIT_CONVERSION = YES;
				GCC_WARN_ABOUT_RETURN_TYPE = YES_ERROR;
				GCC_WARN_UNDECLARED_SELECTOR = YES;
				GCC_WARN_UNINITIALIZED_AUTOS = YES_AGGRESSIVE;
				GCC_WARN_UNUSED_FUNCTION = YES;
				GCC_WARN_UNUSED_VARIABLE = YES;
				IPHONEOS_DEPLOYMENT_TARGET = 10.3;
				MTL_ENABLE_DEBUG_INFO = YES;
				ONLY_ACTIVE_ARCH = YES;
				SDKROOT = iphoneos;
			};
			name = Debug;
		};
		F57E898F1F20C44F00E069B0 /* Release */ = {
			isa = XCBuildConfiguration;
			buildSettings = {
				ALWAYS_SEARCH_USER_PATHS = NO;
				CLANG_ANALYZER_NONNULL = YES;
				CLANG_ANALYZER_NUMBER_OBJECT_CONVERSION = YES_AGGRESSIVE;
				CLANG_CXX_LANGUAGE_STANDARD = "gnu++0x";
				CLANG_CXX_LIBRARY = "libc++";
				CLANG_ENABLE_MODULES = YES;
				CLANG_ENABLE_OBJC_ARC = YES;
				CLANG_WARN_BOOL_CONVERSION = YES;
				CLANG_WARN_CONSTANT_CONVERSION = YES;
				CLANG_WARN_DIRECT_OBJC_ISA_USAGE = YES_ERROR;
				CLANG_WARN_DOCUMENTATION_COMMENTS = YES;
				CLANG_WARN_EMPTY_BODY = YES;
				CLANG_WARN_ENUM_CONVERSION = YES;
				CLANG_WARN_INFINITE_RECURSION = YES;
				CLANG_WARN_INT_CONVERSION = YES;
				CLANG_WARN_OBJC_ROOT_CLASS = YES_ERROR;
				CLANG_WARN_SUSPICIOUS_MOVE = YES;
				CLANG_WARN_UNREACHABLE_CODE = YES;
				CLANG_WARN__DUPLICATE_METHOD_MATCH = YES;
				"CODE_SIGN_IDENTITY[sdk=iphoneos*]" = "iPhone Developer";
				COPY_PHASE_STRIP = NO;
				DEBUG_INFORMATION_FORMAT = "dwarf-with-dsym";
				ENABLE_NS_ASSERTIONS = NO;
				ENABLE_STRICT_OBJC_MSGSEND = YES;
				GCC_C_LANGUAGE_STANDARD = gnu99;
				GCC_NO_COMMON_BLOCKS = YES;
				GCC_WARN_64_TO_32_BIT_CONVERSION = YES;
				GCC_WARN_ABOUT_RETURN_TYPE = YES_ERROR;
				GCC_WARN_UNDECLARED_SELECTOR = YES;
				GCC_WARN_UNINITIALIZED_AUTOS = YES_AGGRESSIVE;
				GCC_WARN_UNUSED_FUNCTION = YES;
				GCC_WARN_UNUSED_VARIABLE = YES;
				IPHONEOS_DEPLOYMENT_TARGET = 10.3;
				MTL_ENABLE_DEBUG_INFO = NO;
				SDKROOT = iphoneos;
				VALIDATE_PRODUCT = YES;
			};
			name = Release;
		};
		F57E89911F20C44F00E069B0 /* Debug */ = {
			isa = XCBuildConfiguration;
			buildSettings = {
				IPHONEOS_DEPLOYMENT_TARGET = 8.0;
				OTHER_LDFLAGS = "-ObjC";
				PRODUCT_NAME = "$(TARGET_NAME)";
				SKIP_INSTALL = YES;
			};
			name = Debug;
		};
		F57E89921F20C44F00E069B0 /* Release */ = {
			isa = XCBuildConfiguration;
			buildSettings = {
				IPHONEOS_DEPLOYMENT_TARGET = 8.0;
				OTHER_LDFLAGS = "-ObjC";
				PRODUCT_NAME = "$(TARGET_NAME)";
				SKIP_INSTALL = YES;
			};
			name = Release;
		};
/* End XCBuildConfiguration section */

/* Begin XCConfigurationList section */
		F57E89821F20C44F00E069B0 /* Build configuration list for PBXProject "XcodeProjLibB" */ = {
			isa = XCConfigurationList;
			buildConfigurations = (
				F57E898E1F20C44F00E069B0 /* Debug */,
				F57E898F1F20C44F00E069B0 /* Release */,
			);
			defaultConfigurationIsVisible = 0;
			defaultConfigurationName = Release;
		};
		F57E89901F20C44F00E069B0 /* Build configuration list for PBXNativeTarget "XcodeProjLibB" */ = {
			isa = XCConfigurationList;
			buildConfigurations = (
				F57E89911F20C44F00E069B0 /* Debug */,
				F57E89921F20C44F00E069B0 /* Release */,
			);
			defaultConfigurationIsVisible = 0;
			defaultConfigurationName = Release;
		};
/* End XCConfigurationList section */
	};
	rootObject = F57E897F1F20C44F00E069B0 /* Project object */;
}
