// !$*UTF8*$!
{
	archiveVersion = 1;
	classes = {
	};
	objectVersion = 46;
	objects = {

/* Begin PBXBuildFile section */
		515D4BC879511B6CA064CF33 /* libXcodeProjLibB.a in Frameworks */ = {isa = PBXBuildFile; fileRef = 2DCA60A23A368B28FE4E45BD /* libXcodeProjLibB.a */; };
		DB1D8408886A0AAC55D9E366 /* libXcodeProjLibA.a in Frameworks */ = {isa = PBXBuildFile; fileRef = 7AF1CB723027454B6C065042 /* libXcodeProjLibA.a */; };
		F5D8DB5D1F0F731700F5927C /* main.m in Sources */ = {isa = PBXBuildFile; fileRef = F5D8DB5C1F0F731700F5927C /* main.m */; };
		F5D8DB601F0F731700F5927C /* AppDelegate.m in Sources */ = {isa = PBXBuildFile; fileRef = F5D8DB5F1F0F731700F5927C /* AppDelegate.m */; };
		F5D8DB631F0F731700F5927C /* ViewController.m in Sources */ = {isa = PBXBuildFile; fileRef = F5D8DB621F0F731700F5927C /* ViewController.m */; };
		F5D8DB661F0F731700F5927C /* Main.storyboard in Resources */ = {isa = PBXBuildFile; fileRef = F5D8DB641F0F731700F5927C /* Main.storyboard */; };
		F5D8DB681F0F731700F5927C /* Assets.xcassets in Resources */ = {isa = PBXBuildFile; fileRef = F5D8DB671F0F731700F5927C /* Assets.xcassets */; };
		F5D8DB6B1F0F731700F5927C /* LaunchScreen.storyboard in Resources */ = {isa = PBXBuildFile; fileRef = F5D8DB691F0F731700F5927C /* LaunchScreen.storyboard */; };
/* End PBXBuildFile section */

/* Begin PBXContainerItemProxy section */
		21FB89E8CC95F8F2297F79EE /* PBXContainerItemProxy */ = {
			isa = PBXContainerItemProxy;
			containerPortal = 84F3F88329F9AA74F597E23B /* XcodeProjLibA.xcodeproj */;
			proxyType = 2;
			remoteGlobalIDString = F57E89721F20C13900E069B0;
			remoteInfo = Subproject;
		};
		51441A09989929BD3258FCA7 /* PBXContainerItemProxy */ = {
			isa = PBXContainerItemProxy;
			containerPortal = DADE03E5F285288D2E7961B5 /* XcodeProjLibB.xcodeproj */;
			proxyType = 2;
			remoteGlobalIDString = F57E89871F20C44F00E069B0;
			remoteInfo = Subproject;
		};
		60C7F304CE706E03AC9BD635 /* PBXContainerItemProxy */ = {
			isa = PBXContainerItemProxy;
			containerPortal = 84F3F88329F9AA74F597E23B /* XcodeProjLibA.xcodeproj */;
			proxyType = 1;
			remoteGlobalIDString = F57E89711F20C13900E069B0;
			remoteInfo = XcodeProjLibA;
		};
		CC9DDB9E268A780FD29F6AAA /* PBXContainerItemProxy */ = {
			isa = PBXContainerItemProxy;
			containerPortal = DADE03E5F285288D2E7961B5 /* XcodeProjLibB.xcodeproj */;
			proxyType = 1;
			remoteGlobalIDString = F57E89861F20C44F00E069B0;
			remoteInfo = XcodeProjLibB;
		};
		E03ECD44A400DEAAB850D3B5 /* PBXContainerItemProxy */ = {
			isa = PBXContainerItemProxy;
			containerPortal = 84F3F88329F9AA74F597E23B /* XcodeProjLibA.xcodeproj */;
			proxyType = 2;
			remoteGlobalIDString = 00A0EF001F239A9B00B6D241;
			remoteInfo = Subproject;
		};
/* End PBXContainerItemProxy section */

/* Begin PBXFileReference section */
		84F3F88329F9AA74F597E23B /* XcodeProjLibA.xcodeproj */ = {isa = PBXFileReference; lastKnownFileType = "wrapper.pb-project"; name = XcodeProjLibA.xcodeproj; path = ../../XcodeProjLibA/XcodeProjLibA.xcodeproj; sourceTree = "<group>"; };
		DADE03E5F285288D2E7961B5 /* XcodeProjLibB.xcodeproj */ = {isa = PBXFileReference; lastKnownFileType = "wrapper.pb-project"; name = XcodeProjLibB.xcodeproj; path = ../../XcodeProjLibB/XcodeProjLibB.xcodeproj; sourceTree = "<group>"; };
		F5D8DB581F0F731700F5927C /* XcodeProjTest.app */ = {isa = PBXFileReference; explicitFileType = wrapper.application; includeInIndex = 0; path = XcodeProjTest.app; sourceTree = BUILT_PRODUCTS_DIR; };
		F5D8DB5C1F0F731700F5927C /* main.m */ = {isa = PBXFileReference; lastKnownFileType = sourcecode.c.objc; path = main.m; sourceTree = "<group>"; };
		F5D8DB5E1F0F731700F5927C /* AppDelegate.h */ = {isa = PBXFileReference; lastKnownFileType = sourcecode.c.h; path = AppDelegate.h; sourceTree = "<group>"; };
		F5D8DB5F1F0F731700F5927C /* AppDelegate.m */ = {isa = PBXFileReference; lastKnownFileType = sourcecode.c.objc; path = AppDelegate.m; sourceTree = "<group>"; };
		F5D8DB611F0F731700F5927C /* ViewController.h */ = {isa = PBXFileReference; lastKnownFileType = sourcecode.c.h; path = ViewController.h; sourceTree = "<group>"; };
		F5D8DB621F0F731700F5927C /* ViewController.m */ = {isa = PBXFileReference; lastKnownFileType = sourcecode.c.objc; path = ViewController.m; sourceTree = "<group>"; };
		F5D8DB651F0F731700F5927C /* Base */ = {isa = PBXFileReference; lastKnownFileType = file.storyboard; name = Base; path = Base.lproj/Main.storyboard; sourceTree = "<group>"; };
		F5D8DB671F0F731700F5927C /* Assets.xcassets */ = {isa = PBXFileReference; lastKnownFileType = folder.assetcatalog; path = Assets.xcassets; sourceTree = "<group>"; };
		F5D8DB6A1F0F731700F5927C /* Base */ = {isa = PBXFileReference; lastKnownFileType = file.storyboard; name = Base; path = Base.lproj/LaunchScreen.storyboard; sourceTree = "<group>"; };
		F5D8DB6C1F0F731700F5927C /* Info.plist */ = {isa = PBXFileReference; lastKnownFileType = text.plist.xml; path = Info.plist; sourceTree = "<group>"; };
/* End PBXFileReference section */

/* Begin PBXFrameworksBuildPhase section */
		F5D8DB551F0F731700F5927C /* Frameworks */ = {
			isa = PBXFrameworksBuildPhase;
			buildActionMask = 2147483647;
			files = (
				DB1D8408886A0AAC55D9E366 /* libXcodeProjLibA.a in Frameworks */,
				515D4BC879511B6CA064CF33 /* libXcodeProjLibB.a in Frameworks */,
			);
			runOnlyForDeploymentPostprocessing = 0;
		};
/* End PBXFrameworksBuildPhase section */

/* Begin PBXGroup section */
		729E8C5D1E5647F997CC9912 /* Products */ = {
			isa = PBXGroup;
			children = (
				2DCA60A23A368B28FE4E45BD /* libXcodeProjLibB.a */,
			);
			name = Products;
			sourceTree = "<group>";
		};
		9FA7433B3F6B54E3C1ABE3E2 /* Products */ = {
			isa = PBXGroup;
			children = (
				7AF1CB723027454B6C065042 /* libXcodeProjLibA.a */,
				F630D79C98EA397009A78088 /* XcodeProjLibABundle.bundle */,
			);
			name = Products;
			sourceTree = "<group>";
		};
		F57E89A61F20CE0E00E069B0 /* Dependency */ = {
			isa = PBXGroup;
			children = (
				84F3F88329F9AA74F597E23B /* XcodeProjLibA.xcodeproj */,
				DADE03E5F285288D2E7961B5 /* XcodeProjLibB.xcodeproj */,
			);
			path = Dependency;
			sourceTree = "<group>";
		};
		F5D8DB4F1F0F731700F5927C = {
			isa = PBXGroup;
			children = (
				F5D8DB5A1F0F731700F5927C /* XcodeProjTest */,
				F57E89A61F20CE0E00E069B0 /* Dependency */,
				F5D8DB591F0F731700F5927C /* Products */,
			);
			sourceTree = "<group>";
		};
		F5D8DB591F0F731700F5927C /* Products */ = {
			isa = PBXGroup;
			children = (
				F5D8DB581F0F731700F5927C /* XcodeProjTest.app */,
			);
			name = Products;
			sourceTree = "<group>";
		};
		F5D8DB5A1F0F731700F5927C /* XcodeProjTest */ = {
			isa = PBXGroup;
			children = (
				F5D8DB5E1F0F731700F5927C /* AppDelegate.h */,
				F5D8DB5F1F0F731700F5927C /* AppDelegate.m */,
				F5D8DB611F0F731700F5927C /* ViewController.h */,
				F5D8DB621F0F731700F5927C /* ViewController.m */,
				F5D8DB641F0F731700F5927C /* Main.storyboard */,
				F5D8DB671F0F731700F5927C /* Assets.xcassets */,
				F5D8DB691F0F731700F5927C /* LaunchScreen.storyboard */,
				F5D8DB6C1F0F731700F5927C /* Info.plist */,
				F5D8DB5B1F0F731700F5927C /* Supporting Files */,
			);
			path = XcodeProjTest;
			sourceTree = "<group>";
		};
		F5D8DB5B1F0F731700F5927C /* Supporting Files */ = {
			isa = PBXGroup;
			children = (
				F5D8DB5C1F0F731700F5927C /* main.m */,
			);
			name = "Supporting Files";
			sourceTree = "<group>";
		};
/* End PBXGroup section */

/* Begin PBXNativeTarget section */
		F5D8DB571F0F731700F5927C /* XcodeProjTest */ = {
			isa = PBXNativeTarget;
			buildConfigurationList = F5D8DB6F1F0F731700F5927C /* Build configuration list for PBXNativeTarget "XcodeProjTest" */;
			buildPhases = (
				F5D8DB541F0F731700F5927C /* Sources */,
				F5D8DB551F0F731700F5927C /* Frameworks */,
				F5D8DB561F0F731700F5927C /* Resources */,
			);
			buildRules = (
			);
			dependencies = (
				58EF50E159A653E0552A425F /* PBXTargetDependency */,
				B78447A2D347689D484E6778 /* PBXTargetDependency */,
			);
			name = XcodeProjTest;
			productName = XcodeProjTest;
			productReference = F5D8DB581F0F731700F5927C /* XcodeProjTest.app */;
			productType = "com.apple.product-type.application";
		};
/* End PBXNativeTarget section */

/* Begin PBXProject section */
		F5D8DB501F0F731700F5927C /* Project object */ = {
			isa = PBXProject;
			attributes = {
				LastUpgradeCheck = 0830;
				ORGANIZATIONNAME = "朱天超";
				TargetAttributes = {
					F5D8DB571F0F731700F5927C = {
						CreatedOnToolsVersion = 8.3.3;
						ProvisioningStyle = Automatic;
					};
				};
			};
			buildConfigurationList = F5D8DB531F0F731700F5927C /* Build configuration list for PBXProject "XcodeProjTest" */;
			compatibilityVersion = "Xcode 3.2";
			developmentRegion = English;
			hasScannedForEncodings = 0;
			knownRegions = (
				en,
				Base,
			);
			mainGroup = F5D8DB4F1F0F731700F5927C;
			productRefGroup = F5D8DB591F0F731700F5927C /* Products */;
			projectDirPath = "";
			projectReferences = (
				{
					ProductGroup = 9FA7433B3F6B54E3C1ABE3E2 /* Products */;
					ProjectRef = 84F3F88329F9AA74F597E23B /* XcodeProjLibA.xcodeproj */;
				},
				{
					ProductGroup = 729E8C5D1E5647F997CC9912 /* Products */;
					ProjectRef = DADE03E5F285288D2E7961B5 /* XcodeProjLibB.xcodeproj */;
				},
			);
			projectRoot = "";
			targets = (
				F5D8DB571F0F731700F5927C /* XcodeProjTest */,
			);
		};
/* End PBXProject section */

/* Begin PBXReferenceProxy section */
		2DCA60A23A368B28FE4E45BD /* libXcodeProjLibB.a */ = {
			isa = PBXReferenceProxy;
			fileType = archive.ar;
			path = libXcodeProjLibB.a;
			remoteRef = 51441A09989929BD3258FCA7 /* PBXContainerItemProxy */;
			sourceTree = BUILT_PRODUCTS_DIR;
		};
		7AF1CB723027454B6C065042 /* libXcodeProjLibA.a */ = {
			isa = PBXReferenceProxy;
			fileType = archive.ar;
			path = libXcodeProjLibA.a;
			remoteRef = 21FB89E8CC95F8F2297F79EE /* PBXContainerItemProxy */;
			sourceTree = BUILT_PRODUCTS_DIR;
		};
		F630D79C98EA397009A78088 /* XcodeProjLibABundle.bundle */ = {
			isa = PBXReferenceProxy;
			fileType = wrapper.cfbundle;
			path = XcodeProjLibABundle.bundle;
			remoteRef = E03ECD44A400DEAAB850D3B5 /* PBXContainerItemProxy */;
			sourceTree = BUILT_PRODUCTS_DIR;
		};
/* End PBXReferenceProxy section */

/* Begin PBXResourcesBuildPhase section */
		F5D8DB561F0F731700F5927C /* Resources */ = {
			isa = PBXResourcesBuildPhase;
			buildActionMask = 2147483647;
			files = (
				F5D8DB6B1F0F731700F5927C /* LaunchScreen.storyboard in Resources */,
				F5D8DB681F0F731700F5927C /* Assets.xcassets in Resources */,
				F5D8DB661F0F731700F5927C /* Main.storyboard in Resources */,
			);
			runOnlyForDeploymentPostprocessing = 0;
		};
/* End PBXResourcesBuildPhase section */

/* Begin PBXSourcesBuildPhase section */
		F5D8DB541F0F731700F5927C /* Sources */ = {
			isa = PBXSourcesBuildPhase;
			buildActionMask = 2147483647;
			files = (
				F5D8DB631F0F731700F5927C /* ViewController.m in Sources */,
				F5D8DB601F0F731700F5927C /* AppDelegate.m in Sources */,
				F5D8DB5D1F0F731700F5927C /* main.m in Sources */,
			);
			runOnlyForDeploymentPostprocessing = 0;
		};
/* End PBXSourcesBuildPhase section */

/* Begin PBXTargetDependency section */
		58EF50E159A653E0552A425F /* PBXTargetDependency */ = {
			isa = PBXTargetDependency;
			name = XcodeProjLibA;
			targetProxy = 60C7F304CE706E03AC9BD635 /* PBXContainerItemProxy */;
		};
		B78447A2D347689D484E6778 /* PBXTargetDependency */ = {
			isa = PBXTargetDependency;
			name = XcodeProjLibB;
			targetProxy = CC9DDB9E268A780FD29F6AAA /* PBXContainerItemProxy */;
		};
/* End PBXTargetDependency section */

/* Begin PBXVariantGroup section */
		F5D8DB641F0F731700F5927C /* Main.storyboard */ = {
			isa = PBXVariantGroup;
			children = (
				F5D8DB651F0F731700F5927C /* Base */,
			);
			name = Main.storyboard;
			sourceTree = "<group>";
		};
		F5D8DB691F0F731700F5927C /* LaunchScreen.storyboard */ = {
			isa = PBXVariantGroup;
			children = (
				F5D8DB6A1F0F731700F5927C /* Base */,
			);
			name = LaunchScreen.storyboard;
			sourceTree = "<group>";
		};
/* End PBXVariantGroup section */

/* Begin XCBuildConfiguration section */
		F5D8DB6D1F0F731700F5927C /* Debug */ = {
			isa = XCBuildConfiguration;
			buildSettings = {
				ALWAYS_SEARCH_USER_PATHS = NO;
				CLANG_ANALYZER_NONNULL = YES;
				CLANG_ANALYZER_NUMBER_OBJECT_CONVERSION = YES_AGGRESSIVE;
				CLANG_CXX_LANGUAGE_STANDARD = "gnu++0x";
				CLANG_CXX_LIBRARY = "libc++";
				CLANG_ENABLE_MODULES = YES;
				CLANG_ENABLE_OBJC_ARC = YES;
				CLANG_WARN_BOOL_CONVERSION = YES;
				CLANG_WARN_CONSTANT_CONVERSION = YES;
				CLANG_WARN_DIRECT_OBJC_ISA_USAGE = YES_ERROR;
				CLANG_WARN_DOCUMENTATION_COMMENTS = YES;
				CLANG_WARN_EMPTY_BODY = YES;
				CLANG_WARN_ENUM_CONVERSION = YES;
				CLANG_WARN_INFINITE_RECURSION = YES;
				CLANG_WARN_INT_CONVERSION = YES;
				CLANG_WARN_OBJC_ROOT_CLASS = YES_ERROR;
				CLANG_WARN_SUSPICIOUS_MOVE = YES;
				CLANG_WARN_UNREACHABLE_CODE = YES;
				CLANG_WARN__DUPLICATE_METHOD_MATCH = YES;
				"CODE_SIGN_IDENTITY[sdk=iphoneos*]" = "iPhone Developer";
				COPY_PHASE_STRIP = NO;
				DEBUG_INFORMATION_FORMAT = dwarf;
				ENABLE_STRICT_OBJC_MSGSEND = YES;
				ENABLE_TESTABILITY = YES;
				GCC_C_LANGUAGE_STANDARD = gnu99;
				GCC_DYNAMIC_NO_PIC = NO;
				GCC_NO_COMMON_BLOCKS = YES;
				GCC_OPTIMIZATION_LEVEL = 0;
				GCC_PREPROCESSOR_DEFINITIONS = (
					"DEBUG=1",
					"$(inherited)",
				);
				GCC_WARN_64_TO_32_BIT_CONVERSION = YES;
				GCC_WARN_ABOUT_RETURN_TYPE = YES_ERROR;
				GCC_WARN_UNDECLARED_SELECTOR = YES;
				GCC_WARN_UNINITIALIZED_AUTOS = YES_AGGRESSIVE;
				GCC_WARN_UNUSED_FUNCTION = YES;
				GCC_WARN_UNUSED_VARIABLE = YES;
				IPHONEOS_DEPLOYMENT_TARGET = 10.3;
				MTL_ENABLE_DEBUG_INFO = YES;
				ONLY_ACTIVE_ARCH = YES;
				SDKROOT = iphoneos;
				TARGETED_DEVICE_FAMILY = "1,2";
			};
			name = Debug;
		};
		F5D8DB6E1F0F731700F5927C /* Release */ = {
			isa = XCBuildConfiguration;
			buildSettings = {
				ALWAYS_SEARCH_USER_PATHS = NO;
				CLANG_ANALYZER_NONNULL = YES;
				CLANG_ANALYZER_NUMBER_OBJECT_CONVERSION = YES_AGGRESSIVE;
				CLANG_CXX_LANGUAGE_STANDARD = "gnu++0x";
				CLANG_CXX_LIBRARY = "libc++";
				CLANG_ENABLE_MODULES = YES;
				CLANG_ENABLE_OBJC_ARC = YES;
				CLANG_WARN_BOOL_CONVERSION = YES;
				CLANG_WARN_CONSTANT_CONVERSION = YES;
				CLANG_WARN_DIRECT_OBJC_ISA_USAGE = YES_ERROR;
				CLANG_WARN_DOCUMENTATION_COMMENTS = YES;
				CLANG_WARN_EMPTY_BODY = YES;
				CLANG_WARN_ENUM_CONVERSION = YES;
				CLANG_WARN_INFINITE_RECURSION = YES;
				CLANG_WARN_INT_CONVERSION = YES;
				CLANG_WARN_OBJC_ROOT_CLASS = YES_ERROR;
				CLANG_WARN_SUSPICIOUS_MOVE = YES;
				CLANG_WARN_UNREACHABLE_CODE = YES;
				CLANG_WARN__DUPLICATE_METHOD_MATCH = YES;
				"CODE_SIGN_IDENTITY[sdk=iphoneos*]" = "iPhone Developer";
				COPY_PHASE_STRIP = NO;
				DEBUG_INFORMATION_FORMAT = "dwarf-with-dsym";
				ENABLE_NS_ASSERTIONS = NO;
				ENABLE_STRICT_OBJC_MSGSEND = YES;
				GCC_C_LANGUAGE_STANDARD = gnu99;
				GCC_NO_COMMON_BLOCKS = YES;
				GCC_WARN_64_TO_32_BIT_CONVERSION = YES;
				GCC_WARN_ABOUT_RETURN_TYPE = YES_ERROR;
				GCC_WARN_UNDECLARED_SELECTOR = YES;
				GCC_WARN_UNINITIALIZED_AUTOS = YES_AGGRESSIVE;
				GCC_WARN_UNUSED_FUNCTION = YES;
				GCC_WARN_UNUSED_VARIABLE = YES;
				IPHONEOS_DEPLOYMENT_TARGET = 10.3;
				MTL_ENABLE_DEBUG_INFO = NO;
				SDKROOT = iphoneos;
				TARGETED_DEVICE_FAMILY = "1,2";
				VALIDATE_PRODUCT = YES;
			};
			name = Release;
		};
		F5D8DB701F0F731700F5927C /* Debug */ = {
			isa = XCBuildConfiguration;
			buildSettings = {
				ASSETCATALOG_COMPILER_APPICON_NAME = AppIcon;
				FRAMEWORK_SEARCH_PATHS = "./Debug/framework/**";
				HEADER_SEARCH_PATHS = (
					"<Multiple",
					"values>",
					"../XcodeProjLibB/**",
					"../XcodeProjLibA/**",
				);
				INFOPLIST_FILE = XcodeProjTest/Info.plist;
				IPHONEOS_DEPLOYMENT_TARGET = 8.0;
				LD_RUNPATH_SEARCH_PATHS = "$(inherited) @executable_path/Frameworks";
				LIBRARY_SEARCH_PATHS = "./Debug/library/**";
				PRODUCT_BUNDLE_IDENTIFIER = fff.XcodeProjTest;
				PRODUCT_NAME = "$(TARGET_NAME)";
			};
			name = Debug;
		};
		F5D8DB711F0F731700F5927C /* Release */ = {
			isa = XCBuildConfiguration;
			buildSettings = {
				ASSETCATALOG_COMPILER_APPICON_NAME = AppIcon;
				FRAMEWORK_SEARCH_PATHS = "./Release/framework/**";
				HEADER_SEARCH_PATHS = (
					"<Multiple",
					"values>",
					"../XcodeProjLibB/**",
					"../XcodeProjLibA/**",
				);
				INFOPLIST_FILE = XcodeProjTest/Info.plist;
				IPHONEOS_DEPLOYMENT_TARGET = 8.0;
				LD_RUNPATH_SEARCH_PATHS = "$(inherited) @executable_path/Frameworks";
				LIBRARY_SEARCH_PATHS = "./Release/library/**";
				PRODUCT_BUNDLE_IDENTIFIER = fff.XcodeProjTest;
				PRODUCT_NAME = "$(TARGET_NAME)";
			};
			name = Release;
		};
/* End XCBuildConfiguration section */

/* Begin XCConfigurationList section */
		F5D8DB531F0F731700F5927C /* Build configuration list for PBXProject "XcodeProjTest" */ = {
			isa = XCConfigurationList;
			buildConfigurations = (
				F5D8DB6D1F0F731700F5927C /* Debug */,
				F5D8DB6E1F0F731700F5927C /* Release */,
			);
			defaultConfigurationIsVisible = 0;
			defaultConfigurationName = Release;
		};
		F5D8DB6F1F0F731700F5927C /* Build configuration list for PBXNativeTarget "XcodeProjTest" */ = {
			isa = XCConfigurationList;
			buildConfigurations = (
				F5D8DB701F0F731700F5927C /* Debug */,
				F5D8DB711F0F731700F5927C /* Release */,
			);
			defaultConfigurationIsVisible = 0;
			defaultConfigurationName = Release;
		};
/* End XCConfigurationList section */
	};
	rootObject = F5D8DB501F0F731700F5927C /* Project object */;
}
